
Microsoft Visual Studio Solution File, Format Version 12.00
# Visual Studio 2012
Project("{FAE04EC0-301F-11D3-BF4B-00C04F79EFBC}") = "Express.iOS.UITests", "Express.iOS.UITests.csproj", "{29AE5777-6B24-4362-89F2-7F0746A61EF2}"
EndProject
Global
	GlobalSection(SolutionConfigurationPlatforms) = preSolution
		Debug|Any CPU = Debug|Any CPU
		Release|Any CPU = Release|Any CPU
	EndGlobalSection
	GlobalSection(ProjectConfigurationPlatforms) = postSolution
		{29AE5777-6B24-4362-89F2-7F0746A61EF2}.Debug|Any CPU.ActiveCfg = Debug|Any CPU
		{29AE5777-6B24-4362-89F2-7F0746A61EF2}.Debug|Any CPU.Build.0 = Debug|Any CPU
		{29AE5777-6B24-4362-89F2-7F0746A61EF2}.Release|Any CPU.ActiveCfg = Release|Any CPU
		{29AE5777-6B24-4362-89F2-7F0746A61EF2}.Release|Any CPU.Build.0 = Release|Any CPU
	EndGlobalSection
EndGlobal
